
Microsoft Visual Studio Solution File, Format Version 12.00
# Visual Studio 15
VisualStudioVersion = 15.0.28010.2003
MinimumVisualStudioVersion = 10.0.40219.1
Project("{FAE04EC0-301F-11D3-BF4B-00C04F79EFBC}") = "Engine", "Engine\Engine.csproj", "{C795B59B-9E80-409F-A278-F6622E1C6AC4}"
EndProject
Project("{FAE04EC0-301F-11D3-BF4B-00C04F79EFBC}") = "TestEngine", "Test Engine\TestEngine.csproj", "{BCF9E4B8-AA3B-4D99-AE99-C121FE531382}"
EndProject
Project("{FAE04EC0-301F-11D3-BF4B-00C04F79EFBC}") = "AppView", "AppView\AppView.csproj", "{FAF18B15-D124-42E5-AC23-2AA737B8E5E2}"
EndProject
Project("{FAE04EC0-301F-11D3-BF4B-00C04F79EFBC}") = "GatewayLibrary", "GatewayLibrary\GatewayLibrary.csproj", "{2A40A8F0-48FF-4B90-B1A1-9CBF711382D6}"
EndProject
Project("{FAE04EC0-301F-11D3-BF4B-00C04F79EFBC}") = "TestConsole", "TestConsole\TestConsole.csproj", "{399D1165-8905-428D-BD1D-32636414CDCF}"
EndProject
Project("{FAE04EC0-301F-11D3-BF4B-00C04F79EFBC}") = "GameMechanicsLibrary", "GameMechanicsLibrary\GameMechanicsLibrary.csproj", "{C3897B9E-B62B-49D4-9546-2E0D73930F58}"
EndProject
Global
	GlobalSection(SolutionConfigurationPlatforms) = preSolution
		Debug|Any CPU = Debug|Any CPU
		Release|Any CPU = Release|Any CPU
	EndGlobalSection
	GlobalSection(ProjectConfigurationPlatforms) = postSolution
		{C795B59B-9E80-409F-A278-F6622E1C6AC4}.Debug|Any CPU.ActiveCfg = Debug|Any CPU
		{C795B59B-9E80-409F-A278-F6622E1C6AC4}.Debug|Any CPU.Build.0 = Debug|Any CPU
		{C795B59B-9E80-409F-A278-F6622E1C6AC4}.Release|Any CPU.ActiveCfg = Release|Any CPU
		{C795B59B-9E80-409F-A278-F6622E1C6AC4}.Release|Any CPU.Build.0 = Release|Any CPU
		{BCF9E4B8-AA3B-4D99-AE99-C121FE531382}.Debug|Any CPU.ActiveCfg = Debug|Any CPU
		{BCF9E4B8-AA3B-4D99-AE99-C121FE531382}.Debug|Any CPU.Build.0 = Debug|Any CPU
		{BCF9E4B8-AA3B-4D99-AE99-C121FE531382}.Release|Any CPU.ActiveCfg = Release|Any CPU
		{BCF9E4B8-AA3B-4D99-AE99-C121FE531382}.Release|Any CPU.Build.0 = Release|Any CPU
		{FAF18B15-D124-42E5-AC23-2AA737B8E5E2}.Debug|Any CPU.ActiveCfg = Debug|Any CPU
		{FAF18B15-D124-42E5-AC23-2AA737B8E5E2}.Debug|Any CPU.Build.0 = Debug|Any CPU
		{FAF18B15-D124-42E5-AC23-2AA737B8E5E2}.Release|Any CPU.ActiveCfg = Release|Any CPU
		{FAF18B15-D124-42E5-AC23-2AA737B8E5E2}.Release|Any CPU.Build.0 = Release|Any CPU
		{2A40A8F0-48FF-4B90-B1A1-9CBF711382D6}.Debug|Any CPU.ActiveCfg = Debug|Any CPU
		{2A40A8F0-48FF-4B90-B1A1-9CBF711382D6}.Debug|Any CPU.Build.0 = Debug|Any CPU
		{2A40A8F0-48FF-4B90-B1A1-9CBF711382D6}.Release|Any CPU.ActiveCfg = Release|Any CPU
		{2A40A8F0-48FF-4B90-B1A1-9CBF711382D6}.Release|Any CPU.Build.0 = Release|Any CPU
		{399D1165-8905-428D-BD1D-32636414CDCF}.Debug|Any CPU.ActiveCfg = Debug|Any CPU
		{399D1165-8905-428D-BD1D-32636414CDCF}.Debug|Any CPU.Build.0 = Debug|Any CPU
		{399D1165-8905-428D-BD1D-32636414CDCF}.Release|Any CPU.ActiveCfg = Release|Any CPU
		{399D1165-8905-428D-BD1D-32636414CDCF}.Release|Any CPU.Build.0 = Release|Any CPU
		{C3897B9E-B62B-49D4-9546-2E0D73930F58}.Debug|Any CPU.ActiveCfg = Debug|Any CPU
		{C3897B9E-B62B-49D4-9546-2E0D73930F58}.Debug|Any CPU.Build.0 = Debug|Any CPU
		{C3897B9E-B62B-49D4-9546-2E0D73930F58}.Release|Any CPU.ActiveCfg = Release|Any CPU
		{C3897B9E-B62B-49D4-9546-2E0D73930F58}.Release|Any CPU.Build.0 = Release|Any CPU
	EndGlobalSection
	GlobalSection(SolutionProperties) = preSolution
		HideSolutionNode = FALSE
	EndGlobalSection
	GlobalSection(ExtensibilityGlobals) = postSolution
		SolutionGuid = {6533BFA8-794E-493D-A8A6-22236AD58154}
	EndGlobalSection
EndGlobal
